
Microsoft Visual Studio Solution File, Format Version 12.00
# Visual Studio Version 16
VisualStudioVersion = 16.0.32106.194
MinimumVisualStudioVersion = 10.0.40219.1
Project("{FAE04EC0-301F-11D3-BF4B-00C04F79EFBC}") = "pizza'slab.rab4", "pizza'slab.rab4\pizza'slab.rab4.csproj", "{93D218B5-0F17-48C6-89B1-28CECF154EED}"
EndProject
Global
	GlobalSection(SolutionConfigurationPlatforms) = preSolution
		Debug|Any CPU = Debug|Any CPU
		Release|Any CPU = Release|Any CPU
	EndGlobalSection
	GlobalSection(ProjectConfigurationPlatforms) = postSolution
		{93D218B5-0F17-48C6-89B1-28CECF154EED}.Debug|Any CPU.ActiveCfg = Debug|Any CPU
		{93D218B5-0F17-48C6-89B1-28CECF154EED}.Debug|Any CPU.Build.0 = Debug|Any CPU
		{93D218B5-0F17-48C6-89B1-28CECF154EED}.Release|Any CPU.ActiveCfg = Release|Any CPU
		{93D218B5-0F17-48C6-89B1-28CECF154EED}.Release|Any CPU.Build.0 = Release|Any CPU
	EndGlobalSection
	GlobalSection(SolutionProperties) = preSolution
		HideSolutionNode = FALSE
	EndGlobalSection
	GlobalSection(ExtensibilityGlobals) = postSolution
		SolutionGuid = {9CB9AA50-7E47-492B-B858-5724487D4445}
	EndGlobalSection
EndGlobal
